
Microsoft Visual Studio Solution File, Format Version 12.00
# Visual Studio Version 17
VisualStudioVersion = 17.8.34309.116
MinimumVisualStudioVersion = 10.0.40219.1
Project("{FAE04EC0-301F-11D3-BF4B-00C04F79EFBC}") = "TestAvalonia", "TestAvalonia\TestAvalonia.csproj", "{2C406FC0-8034-4FB2-BA34-9274F4526520}"
EndProject
Global
	GlobalSection(SolutionConfigurationPlatforms) = preSolution
		Debug|Any CPU = Debug|Any CPU
		Release|Any CPU = Release|Any CPU
	EndGlobalSection
	GlobalSection(ProjectConfigurationPlatforms) = postSolution
		{2C406FC0-8034-4FB2-BA34-9274F4526520}.Debug|Any CPU.ActiveCfg = Debug|Any CPU
		{2C406FC0-8034-4FB2-BA34-9274F4526520}.Debug|Any CPU.Build.0 = Debug|Any CPU
		{2C406FC0-8034-4FB2-BA34-9274F4526520}.Release|Any CPU.ActiveCfg = Release|Any CPU
		{2C406FC0-8034-4FB2-BA34-9274F4526520}.Release|Any CPU.Build.0 = Release|Any CPU
	EndGlobalSection
	GlobalSection(SolutionProperties) = preSolution
		HideSolutionNode = FALSE
	EndGlobalSection
	GlobalSection(ExtensibilityGlobals) = postSolution
		SolutionGuid = {8EBE58CB-E82D-4A41-A169-C281F956F3FC}
	EndGlobalSection
EndGlobal
